// !$*UTF8*$!
{
	archiveVersion = 1;
	classes = {
	};
	objectVersion = 55;
	objects = {

/* Begin PBXBuildFile section */
		16BD67C728DABAEF00430F05 /* RailsCardsApp.swift in Sources */ = {isa = PBXBuildFile; fileRef = 16BD67C628DABAEF00430F05 /* RailsCardsApp.swift */; };
		16BD67C928DABAEF00430F05 /* CardView.swift in Sources */ = {isa = PBXBuildFile; fileRef = 16BD67C828DABAEF00430F05 /* CardView.swift */; };
		16BD67CB28DABAF100430F05 /* Assets.xcassets in Resources */ = {isa = PBXBuildFile; fileRef = 16BD67CA28DABAF100430F05 /* Assets.xcassets */; };
		16BD67CE28DABAF100430F05 /* Preview Assets.xcassets in Resources */ = {isa = PBXBuildFile; fileRef = 16BD67CD28DABAF100430F05 /* Preview Assets.xcassets */; };
		16BD67D828DABB8800430F05 /* Flashcard.swift in Sources */ = {isa = PBXBuildFile; fileRef = 16BD67D728DABB8800430F05 /* Flashcard.swift */; };
		16BD67DA28DABFA100430F05 /* Deck.swift in Sources */ = {isa = PBXBuildFile; fileRef = 16BD67D928DABFA100430F05 /* Deck.swift */; };
		16BD67DC28DAC75200430F05 /* ViewController.swift in Sources */ = {isa = PBXBuildFile; fileRef = 16BD67DB28DAC75200430F05 /* ViewController.swift */; };
		16BD67DE28DB9FFC00430F05 /* DefinitionView.swift in Sources */ = {isa = PBXBuildFile; fileRef = 16BD67DD28DB9FFB00430F05 /* DefinitionView.swift */; };
/* End PBXBuildFile section */

/* Begin PBXFileReference section */
		16BD67C328DABAEF00430F05 /* RailsCards.app */ = {isa = PBXFileReference; explicitFileType = wrapper.application; includeInIndex = 0; path = RailsCards.app; sourceTree = BUILT_PRODUCTS_DIR; };
		16BD67C628DABAEF00430F05 /* RailsCardsApp.swift */ = {isa = PBXFileReference; lastKnownFileType = sourcecode.swift; path = RailsCardsApp.swift; sourceTree = "<group>"; };
		16BD67C828DABAEF00430F05 /* CardView.swift */ = {isa = PBXFileReference; lastKnownFileType = sourcecode.swift; path = CardView.swift; sourceTree = "<group>"; };
		16BD67CA28DABAF100430F05 /* Assets.xcassets */ = {isa = PBXFileReference; lastKnownFileType = folder.assetcatalog; path = Assets.xcassets; sourceTree = "<group>"; };
		16BD67CD28DABAF100430F05 /* Preview Assets.xcassets */ = {isa = PBXFileReference; lastKnownFileType = folder.assetcatalog; path = "Preview Assets.xcassets"; sourceTree = "<group>"; };
		16BD67D728DABB8800430F05 /* Flashcard.swift */ = {isa = PBXFileReference; lastKnownFileType = sourcecode.swift; path = Flashcard.swift; sourceTree = "<group>"; };
		16BD67D928DABFA100430F05 /* Deck.swift */ = {isa = PBXFileReference; lastKnownFileType = sourcecode.swift; path = Deck.swift; sourceTree = "<group>"; };
		16BD67DB28DAC75200430F05 /* ViewController.swift */ = {isa = PBXFileReference; lastKnownFileType = sourcecode.swift; path = ViewController.swift; sourceTree = "<group>"; };
		16BD67DD28DB9FFB00430F05 /* DefinitionView.swift */ = {isa = PBXFileReference; lastKnownFileType = sourcecode.swift; path = DefinitionView.swift; sourceTree = "<group>"; };
/* End PBXFileReference section */

/* Begin PBXFrameworksBuildPhase section */
		16BD67C028DABAEF00430F05 /* Frameworks */ = {
			isa = PBXFrameworksBuildPhase;
			buildActionMask = 2147483647;
			files = (
			);
			runOnlyForDeploymentPostprocessing = 0;
		};
/* End PBXFrameworksBuildPhase section */

/* Begin PBXGroup section */
		16BD67BA28DABAEE00430F05 = {
			isa = PBXGroup;
			children = (
				16BD67C528DABAEF00430F05 /* RailsCards */,
				16BD67C428DABAEF00430F05 /* Products */,
			);
			sourceTree = "<group>";
		};
		16BD67C428DABAEF00430F05 /* Products */ = {
			isa = PBXGroup;
			children = (
				16BD67C328DABAEF00430F05 /* RailsCards.app */,
			);
			name = Products;
			sourceTree = "<group>";
		};
		16BD67C528DABAEF00430F05 /* RailsCards */ = {
			isa = PBXGroup;
			children = (
				16BD67D628DABB3900430F05 /* Views */,
				16BD67D528DABB3400430F05 /* Models */,
				16BD67D428DABB2C00430F05 /* Controllers */,
				16BD67CA28DABAF100430F05 /* Assets.xcassets */,
				16BD67CC28DABAF100430F05 /* Preview Content */,
			);
			path = RailsCards;
			sourceTree = "<group>";
		};
		16BD67CC28DABAF100430F05 /* Preview Content */ = {
			isa = PBXGroup;
			children = (
				16BD67CD28DABAF100430F05 /* Preview Assets.xcassets */,
			);
			path = "Preview Content";
			sourceTree = "<group>";
		};
		16BD67D428DABB2C00430F05 /* Controllers */ = {
			isa = PBXGroup;
			children = (
				16BD67DB28DAC75200430F05 /* ViewController.swift */,
			);
			path = Controllers;
			sourceTree = "<group>";
		};
		16BD67D528DABB3400430F05 /* Models */ = {
			isa = PBXGroup;
			children = (
				16BD67D728DABB8800430F05 /* Flashcard.swift */,
				16BD67D928DABFA100430F05 /* Deck.swift */,
			);
			path = Models;
			sourceTree = "<group>";
		};
		16BD67D628DABB3900430F05 /* Views */ = {
			isa = PBXGroup;
			children = (
				16BD67C628DABAEF00430F05 /* RailsCardsApp.swift */,
				16BD67C828DABAEF00430F05 /* CardView.swift */,
				16BD67DD28DB9FFB00430F05 /* DefinitionView.swift */,
			);
			path = Views;
			sourceTree = "<group>";
		};
/* End PBXGroup section */

/* Begin PBXNativeTarget section */
		16BD67C228DABAEF00430F05 /* RailsCards */ = {
			isa = PBXNativeTarget;
			buildConfigurationList = 16BD67D128DABAF100430F05 /* Build configuration list for PBXNativeTarget "RailsCards" */;
			buildPhases = (
				16BD67BF28DABAEF00430F05 /* Sources */,
				16BD67C028DABAEF00430F05 /* Frameworks */,
				16BD67C128DABAEF00430F05 /* Resources */,
			);
			buildRules = (
			);
			dependencies = (
			);
			name = RailsCards;
			productName = RailsCards;
			productReference = 16BD67C328DABAEF00430F05 /* RailsCards.app */;
			productType = "com.apple.product-type.application";
		};
/* End PBXNativeTarget section */

/* Begin PBXProject section */
		16BD67BB28DABAEE00430F05 /* Project object */ = {
			isa = PBXProject;
			attributes = {
				BuildIndependentTargetsInParallel = 1;
				LastSwiftUpdateCheck = 1320;
				LastUpgradeCheck = 1320;
				TargetAttributes = {
					16BD67C228DABAEF00430F05 = {
						CreatedOnToolsVersion = 13.2.1;
					};
				};
			};
			buildConfigurationList = 16BD67BE28DABAEE00430F05 /* Build configuration list for PBXProject "RailsCards" */;
			compatibilityVersion = "Xcode 13.0";
			developmentRegion = en;
			hasScannedForEncodings = 0;
			knownRegions = (
				en,
				Base,
			);
			mainGroup = 16BD67BA28DABAEE00430F05;
			productRefGroup = 16BD67C428DABAEF00430F05 /* Products */;
			projectDirPath = "";
			projectRoot = "";
			targets = (
				16BD67C228DABAEF00430F05 /* RailsCards */,
			);
		};
/* End PBXProject section */

/* Begin PBXResourcesBuildPhase section */
		16BD67C128DABAEF00430F05 /* Resources */ = {
			isa = PBXResourcesBuildPhase;
			buildActionMask = 2147483647;
			files = (
				16BD67CE28DABAF100430F05 /* Preview Assets.xcassets in Resources */,
				16BD67CB28DABAF100430F05 /* Assets.xcassets in Resources */,
			);
			runOnlyForDeploymentPostprocessing = 0;
		};
/* End PBXResourcesBuildPhase section */

/* Begin PBXSourcesBuildPhase section */
		16BD67BF28DABAEF00430F05 /* Sources */ = {
			isa = PBXSourcesBuildPhase;
			buildActionMask = 2147483647;
			files = (
				16BD67DC28DAC75200430F05 /* ViewController.swift in Sources */,
				16BD67DA28DABFA100430F05 /* Deck.swift in Sources */,
				16BD67D828DABB8800430F05 /* Flashcard.swift in Sources */,
				16BD67DE28DB9FFC00430F05 /* DefinitionView.swift in Sources */,
				16BD67C928DABAEF00430F05 /* CardView.swift in Sources */,
				16BD67C728DABAEF00430F05 /* RailsCardsApp.swift in Sources */,
			);
			runOnlyForDeploymentPostprocessing = 0;
		};
/* End PBXSourcesBuildPhase section */

/* Begin XCBuildConfiguration section */
		16BD67CF28DABAF100430F05 /* Debug */ = {
			isa = XCBuildConfiguration;
			buildSettings = {
				ALWAYS_SEARCH_USER_PATHS = NO;
				CLANG_ANALYZER_NONNULL = YES;
				CLANG_ANALYZER_NUMBER_OBJECT_CONVERSION = YES_AGGRESSIVE;
				CLANG_CXX_LANGUAGE_STANDARD = "gnu++17";
				CLANG_CXX_LIBRARY = "libc++";
				CLANG_ENABLE_MODULES = YES;
				CLANG_ENABLE_OBJC_ARC = YES;
				CLANG_ENABLE_OBJC_WEAK = YES;
				CLANG_WARN_BLOCK_CAPTURE_AUTORELEASING = YES;
				CLANG_WARN_BOOL_CONVERSION = YES;
				CLANG_WARN_COMMA = YES;
				CLANG_WARN_CONSTANT_CONVERSION = YES;
				CLANG_WARN_DEPRECATED_OBJC_IMPLEMENTATIONS = YES;
				CLANG_WARN_DIRECT_OBJC_ISA_USAGE = YES_ERROR;
				CLANG_WARN_DOCUMENTATION_COMMENTS = YES;
				CLANG_WARN_EMPTY_BODY = YES;
				CLANG_WARN_ENUM_CONVERSION = YES;
				CLANG_WARN_INFINITE_RECURSION = YES;
				CLANG_WARN_INT_CONVERSION = YES;
				CLANG_WARN_NON_LITERAL_NULL_CONVERSION = YES;
				CLANG_WARN_OBJC_IMPLICIT_RETAIN_SELF = YES;
				CLANG_WARN_OBJC_LITERAL_CONVERSION = YES;
				CLANG_WARN_OBJC_ROOT_CLASS = YES_ERROR;
				CLANG_WARN_QUOTED_INCLUDE_IN_FRAMEWORK_HEADER = YES;
				CLANG_WARN_RANGE_LOOP_ANALYSIS = YES;
				CLANG_WARN_STRICT_PROTOTYPES = YES;
				CLANG_WARN_SUSPICIOUS_MOVE = YES;
				CLANG_WARN_UNGUARDED_AVAILABILITY = YES_AGGRESSIVE;
				CLANG_WARN_UNREACHABLE_CODE = YES;
				CLANG_WARN__DUPLICATE_METHOD_MATCH = YES;
				COPY_PHASE_STRIP = NO;
				DEBUG_INFORMATION_FORMAT = dwarf;
				ENABLE_STRICT_OBJC_MSGSEND = YES;
				ENABLE_TESTABILITY = YES;
				GCC_C_LANGUAGE_STANDARD = gnu11;
				GCC_DYNAMIC_NO_PIC = NO;
				GCC_NO_COMMON_BLOCKS = YES;
				GCC_OPTIMIZATION_LEVEL = 0;
				GCC_PREPROCESSOR_DEFINITIONS = (
					"DEBUG=1",
					"$(inherited)",
				);
				GCC_WARN_64_TO_32_BIT_CONVERSION = YES;
				GCC_WARN_ABOUT_RETURN_TYPE = YES_ERROR;
				GCC_WARN_UNDECLARED_SELECTOR = YES;
				GCC_WARN_UNINITIALIZED_AUTOS = YES_AGGRESSIVE;
				GCC_WARN_UNUSED_FUNCTION = YES;
				GCC_WARN_UNUSED_VARIABLE = YES;
				IPHONEOS_DEPLOYMENT_TARGET = 15.2;
				MTL_ENABLE_DEBUG_INFO = INCLUDE_SOURCE;
				MTL_FAST_MATH = YES;
				ONLY_ACTIVE_ARCH = YES;
				SDKROOT = iphoneos;
				SWIFT_ACTIVE_COMPILATION_CONDITIONS = DEBUG;
				SWIFT_OPTIMIZATION_LEVEL = "-Onone";
			};
			name = Debug;
		};
		16BD67D028DABAF100430F05 /* Release */ = {
			isa = XCBuildConfiguration;
			buildSettings = {
				ALWAYS_SEARCH_USER_PATHS = NO;
				CLANG_ANALYZER_NONNULL = YES;
				CLANG_ANALYZER_NUMBER_OBJECT_CONVERSION = YES_AGGRESSIVE;
				CLANG_CXX_LANGUAGE_STANDARD = "gnu++17";
				CLANG_CXX_LIBRARY = "libc++";
				CLANG_ENABLE_MODULES = YES;
				CLANG_ENABLE_OBJC_ARC = YES;
				CLANG_ENABLE_OBJC_WEAK = YES;
				CLANG_WARN_BLOCK_CAPTURE_AUTORELEASING = YES;
				CLANG_WARN_BOOL_CONVERSION = YES;
				CLANG_WARN_COMMA = YES;
				CLANG_WARN_CONSTANT_CONVERSION = YES;
				CLANG_WARN_DEPRECATED_OBJC_IMPLEMENTATIONS = YES;
				CLANG_WARN_DIRECT_OBJC_ISA_USAGE = YES_ERROR;
				CLANG_WARN_DOCUMENTATION_COMMENTS = YES;
				CLANG_WARN_EMPTY_BODY = YES;
				CLANG_WARN_ENUM_CONVERSION = YES;
				CLANG_WARN_INFINITE_RECURSION = YES;
				CLANG_WARN_INT_CONVERSION = YES;
				CLANG_WARN_NON_LITERAL_NULL_CONVERSION = YES;
				CLANG_WARN_OBJC_IMPLICIT_RETAIN_SELF = YES;
				CLANG_WARN_OBJC_LITERAL_CONVERSION = YES;
				CLANG_WARN_OBJC_ROOT_CLASS = YES_ERROR;
				CLANG_WARN_QUOTED_INCLUDE_IN_FRAMEWORK_HEADER = YES;
				CLANG_WARN_RANGE_LOOP_ANALYSIS = YES;
				CLANG_WARN_STRICT_PROTOTYPES = YES;
				CLANG_WARN_SUSPICIOUS_MOVE = YES;
				CLANG_WARN_UNGUARDED_AVAILABILITY = YES_AGGRESSIVE;
				CLANG_WARN_UNREACHABLE_CODE = YES;
				CLANG_WARN__DUPLICATE_METHOD_MATCH = YES;
				COPY_PHASE_STRIP = NO;
				DEBUG_INFORMATION_FORMAT = "dwarf-with-dsym";
				ENABLE_NS_ASSERTIONS = NO;
				ENABLE_STRICT_OBJC_MSGSEND = YES;
				GCC_C_LANGUAGE_STANDARD = gnu11;
				GCC_NO_COMMON_BLOCKS = YES;
				GCC_WARN_64_TO_32_BIT_CONVERSION = YES;
				GCC_WARN_ABOUT_RETURN_TYPE = YES_ERROR;
				GCC_WARN_UNDECLARED_SELECTOR = YES;
				GCC_WARN_UNINITIALIZED_AUTOS = YES_AGGRESSIVE;
				GCC_WARN_UNUSED_FUNCTION = YES;
				GCC_WARN_UNUSED_VARIABLE = YES;
				IPHONEOS_DEPLOYMENT_TARGET = 15.2;
				MTL_ENABLE_DEBUG_INFO = NO;
				MTL_FAST_MATH = YES;
				SDKROOT = iphoneos;
				SWIFT_COMPILATION_MODE = wholemodule;
				SWIFT_OPTIMIZATION_LEVEL = "-O";
				VALIDATE_PRODUCT = YES;
			};
			name = Release;
		};
		16BD67D228DABAF100430F05 /* Debug */ = {
			isa = XCBuildConfiguration;
			buildSettings = {
				ASSETCATALOG_COMPILER_APPICON_NAME = AppIcon;
				ASSETCATALOG_COMPILER_GLOBAL_ACCENT_COLOR_NAME = AccentColor;
				CODE_SIGN_STYLE = Automatic;
				CURRENT_PROJECT_VERSION = 1;
				DEVELOPMENT_ASSET_PATHS = "\"RailsCards/Preview Content\"";
				ENABLE_PREVIEWS = YES;
				GENERATE_INFOPLIST_FILE = YES;
				INFOPLIST_KEY_UIApplicationSceneManifest_Generation = YES;
				INFOPLIST_KEY_UIApplicationSupportsIndirectInputEvents = YES;
				INFOPLIST_KEY_UILaunchScreen_Generation = YES;
				INFOPLIST_KEY_UISupportedInterfaceOrientations_iPad = "UIInterfaceOrientationPortrait UIInterfaceOrientationPortraitUpsideDown UIInterfaceOrientationLandscapeLeft UIInterfaceOrientationLandscapeRight";
				INFOPLIST_KEY_UISupportedInterfaceOrientations_iPhone = "UIInterfaceOrientationPortrait UIInterfaceOrientationLandscapeLeft UIInterfaceOrientationLandscapeRight";
				LD_RUNPATH_SEARCH_PATHS = (
					"$(inherited)",
					"@executable_path/Frameworks",
				);
				MARKETING_VERSION = 1.0;
				PRODUCT_BUNDLE_IDENTIFIER = cmu.RailsCards;
				PRODUCT_NAME = "$(TARGET_NAME)";
				SWIFT_EMIT_LOC_STRINGS = YES;
				SWIFT_VERSION = 5.0;
				TARGETED_DEVICE_FAMILY = "1,2";
			};
			name = Debug;
		};
		16BD67D328DABAF100430F05 /* Release */ = {
			isa = XCBuildConfiguration;
			buildSettings = {
				ASSETCATALOG_COMPILER_APPICON_NAME = AppIcon;
				ASSETCATALOG_COMPILER_GLOBAL_ACCENT_COLOR_NAME = AccentColor;
				CODE_SIGN_STYLE = Automatic;
				CURRENT_PROJECT_VERSION = 1;
				DEVELOPMENT_ASSET_PATHS = "\"RailsCards/Preview Content\"";
				ENABLE_PREVIEWS = YES;
				GENERATE_INFOPLIST_FILE = YES;
				INFOPLIST_KEY_UIApplicationSceneManifest_Generation = YES;
				INFOPLIST_KEY_UIApplicationSupportsIndirectInputEvents = YES;
				INFOPLIST_KEY_UILaunchScreen_Generation = YES;
				INFOPLIST_KEY_UISupportedInterfaceOrientations_iPad = "UIInterfaceOrientationPortrait UIInterfaceOrientationPortraitUpsideDown UIInterfaceOrientationLandscapeLeft UIInterfaceOrientationLandscapeRight";
				INFOPLIST_KEY_UISupportedInterfaceOrientations_iPhone = "UIInterfaceOrientationPortrait UIInterfaceOrientationLandscapeLeft UIInterfaceOrientationLandscapeRight";
				LD_RUNPATH_SEARCH_PATHS = (
					"$(inherited)",
					"@executable_path/Frameworks",
				);
				MARKETING_VERSION = 1.0;
				PRODUCT_BUNDLE_IDENTIFIER = cmu.RailsCards;
				PRODUCT_NAME = "$(TARGET_NAME)";
				SWIFT_EMIT_LOC_STRINGS = YES;
				SWIFT_VERSION = 5.0;
				TARGETED_DEVICE_FAMILY = "1,2";
			};
			name = Release;
		};
/* End XCBuildConfiguration section */

/* Begin XCConfigurationList section */
		16BD67BE28DABAEE00430F05 /* Build configuration list for PBXProject "RailsCards" */ = {
			isa = XCConfigurationList;
			buildConfigurations = (
				16BD67CF28DABAF100430F05 /* Debug */,
				16BD67D028DABAF100430F05 /* Release */,
			);
			defaultConfigurationIsVisible = 0;
			defaultConfigurationName = Release;
		};
		16BD67D128DABAF100430F05 /* Build configuration list for PBXNativeTarget "RailsCards" */ = {
			isa = XCConfigurationList;
			buildConfigurations = (
				16BD67D228DABAF100430F05 /* Debug */,
				16BD67D328DABAF100430F05 /* Release */,
			);
			defaultConfigurationIsVisible = 0;
			defaultConfigurationName = Release;
		};
/* End XCConfigurationList section */
	};
	rootObject = 16BD67BB28DABAEE00430F05 /* Project object */;
}
